
Microsoft Visual Studio Solution File, Format Version 12.00
# Visual Studio Version 16
VisualStudioVersion = 25.0.1706.9
MinimumVisualStudioVersion = 10.0.40219.1
Project("{FAE04EC0-301F-11D3-BF4B-00C04F79EFBC}") = "Method", "Method\Method.csproj", "{5796BE9C-79DF-4BCA-BEF1-F86C4C16D30B}"
EndProject
Global
	GlobalSection(SolutionConfigurationPlatforms) = preSolution
		Debug|Any CPU = Debug|Any CPU
		Release|Any CPU = Release|Any CPU
	EndGlobalSection
	GlobalSection(ProjectConfigurationPlatforms) = postSolution
		{5796BE9C-79DF-4BCA-BEF1-F86C4C16D30B}.Debug|Any CPU.ActiveCfg = Debug|Any CPU
		{5796BE9C-79DF-4BCA-BEF1-F86C4C16D30B}.Debug|Any CPU.Build.0 = Debug|Any CPU
		{5796BE9C-79DF-4BCA-BEF1-F86C4C16D30B}.Release|Any CPU.ActiveCfg = Release|Any CPU
		{5796BE9C-79DF-4BCA-BEF1-F86C4C16D30B}.Release|Any CPU.Build.0 = Release|Any CPU
	EndGlobalSection
	GlobalSection(SolutionProperties) = preSolution
		HideSolutionNode = FALSE
	EndGlobalSection
	GlobalSection(ExtensibilityGlobals) = postSolution
		SolutionGuid = {BF7F0617-B024-4479-9C87-AF6443555DC9}
	EndGlobalSection
EndGlobal
